// !$*UTF8*$!
{
	archiveVersion = 1;
	classes = {
	};
	objectVersion = 50;
	objects = {

/* Begin PBXBuildFile section */
		04128AEB24BEC8E90074F3D7 /* HumanRightsViewController.swift in Sources */ = {isa = PBXBuildFile; fileRef = 04128AEA24BEC8E90074F3D7 /* HumanRightsViewController.swift */; };
		04128AED24BECE410074F3D7 /* HumRightsResourcesViewController.swift in Sources */ = {isa = PBXBuildFile; fileRef = 04128AEC24BECE410074F3D7 /* HumRightsResourcesViewController.swift */; };
		04128AEF24BED1C10074F3D7 /* HumRightsPetitionsViewController.swift in Sources */ = {isa = PBXBuildFile; fileRef = 04128AEE24BED1C10074F3D7 /* HumRightsPetitionsViewController.swift */; };
		04128AF124BED2D70074F3D7 /* HumRightsDonationsViewController.swift in Sources */ = {isa = PBXBuildFile; fileRef = 04128AF024BED2D70074F3D7 /* HumRightsDonationsViewController.swift */; };
		04489F2E24BE4B4700BB323D /* AppDelegate.swift in Sources */ = {isa = PBXBuildFile; fileRef = 04489F2D24BE4B4700BB323D /* AppDelegate.swift */; };
		04489F3024BE4B4700BB323D /* SceneDelegate.swift in Sources */ = {isa = PBXBuildFile; fileRef = 04489F2F24BE4B4700BB323D /* SceneDelegate.swift */; };
		04489F3224BE4B4700BB323D /* ViewController.swift in Sources */ = {isa = PBXBuildFile; fileRef = 04489F3124BE4B4700BB323D /* ViewController.swift */; };
		04489F3524BE4B4700BB323D /* Main.storyboard in Resources */ = {isa = PBXBuildFile; fileRef = 04489F3324BE4B4700BB323D /* Main.storyboard */; };
		04489F3824BE4B4700BB323D /* Voices_for_Change.xcdatamodeld in Sources */ = {isa = PBXBuildFile; fileRef = 04489F3624BE4B4700BB323D /* Voices_for_Change.xcdatamodeld */; };
		04489F3A24BE4B4B00BB323D /* Assets.xcassets in Resources */ = {isa = PBXBuildFile; fileRef = 04489F3924BE4B4B00BB323D /* Assets.xcassets */; };
		04489F3D24BE4B4B00BB323D /* LaunchScreen.storyboard in Resources */ = {isa = PBXBuildFile; fileRef = 04489F3B24BE4B4B00BB323D /* LaunchScreen.storyboard */; };
		04489F4824BE4B4B00BB323D /* Voices_for_ChangeTests.swift in Sources */ = {isa = PBXBuildFile; fileRef = 04489F4724BE4B4B00BB323D /* Voices_for_ChangeTests.swift */; };
		04489F5324BE4B4B00BB323D /* Voices_for_ChangeUITests.swift in Sources */ = {isa = PBXBuildFile; fileRef = 04489F5224BE4B4B00BB323D /* Voices_for_ChangeUITests.swift */; };
		04489F6124BEBBF600BB323D /* MainHomeScreenViewController.swift in Sources */ = {isa = PBXBuildFile; fileRef = 04489F6024BEBBF600BB323D /* MainHomeScreenViewController.swift */; };
/* End PBXBuildFile section */

/* Begin PBXContainerItemProxy section */
		04489F4424BE4B4B00BB323D /* PBXContainerItemProxy */ = {
			isa = PBXContainerItemProxy;
			containerPortal = 04489F2224BE4B4700BB323D /* Project object */;
			proxyType = 1;
			remoteGlobalIDString = 04489F2924BE4B4700BB323D;
			remoteInfo = "Voices for Change";
		};
		04489F4F24BE4B4B00BB323D /* PBXContainerItemProxy */ = {
			isa = PBXContainerItemProxy;
			containerPortal = 04489F2224BE4B4700BB323D /* Project object */;
			proxyType = 1;
			remoteGlobalIDString = 04489F2924BE4B4700BB323D;
			remoteInfo = "Voices for Change";
		};
/* End PBXContainerItemProxy section */

/* Begin PBXFileReference section */
		04128AEA24BEC8E90074F3D7 /* HumanRightsViewController.swift */ = {isa = PBXFileReference; lastKnownFileType = sourcecode.swift; path = HumanRightsViewController.swift; sourceTree = "<group>"; };
		04128AEC24BECE410074F3D7 /* HumRightsResourcesViewController.swift */ = {isa = PBXFileReference; lastKnownFileType = sourcecode.swift; path = HumRightsResourcesViewController.swift; sourceTree = "<group>"; };
		04128AEE24BED1C10074F3D7 /* HumRightsPetitionsViewController.swift */ = {isa = PBXFileReference; lastKnownFileType = sourcecode.swift; path = HumRightsPetitionsViewController.swift; sourceTree = "<group>"; };
		04128AF024BED2D70074F3D7 /* HumRightsDonationsViewController.swift */ = {isa = PBXFileReference; lastKnownFileType = sourcecode.swift; path = HumRightsDonationsViewController.swift; sourceTree = "<group>"; };
		04489F2A24BE4B4700BB323D /* Voices for Change.app */ = {isa = PBXFileReference; explicitFileType = wrapper.application; includeInIndex = 0; path = "Voices for Change.app"; sourceTree = BUILT_PRODUCTS_DIR; };
		04489F2D24BE4B4700BB323D /* AppDelegate.swift */ = {isa = PBXFileReference; lastKnownFileType = sourcecode.swift; path = AppDelegate.swift; sourceTree = "<group>"; };
		04489F2F24BE4B4700BB323D /* SceneDelegate.swift */ = {isa = PBXFileReference; lastKnownFileType = sourcecode.swift; path = SceneDelegate.swift; sourceTree = "<group>"; };
		04489F3124BE4B4700BB323D /* ViewController.swift */ = {isa = PBXFileReference; lastKnownFileType = sourcecode.swift; path = ViewController.swift; sourceTree = "<group>"; };
		04489F3424BE4B4700BB323D /* Base */ = {isa = PBXFileReference; lastKnownFileType = file.storyboard; name = Base; path = Base.lproj/Main.storyboard; sourceTree = "<group>"; };
		04489F3724BE4B4700BB323D /* Voices_for_Change.xcdatamodel */ = {isa = PBXFileReference; lastKnownFileType = wrapper.xcdatamodel; path = Voices_for_Change.xcdatamodel; sourceTree = "<group>"; };
		04489F3924BE4B4B00BB323D /* Assets.xcassets */ = {isa = PBXFileReference; lastKnownFileType = folder.assetcatalog; path = Assets.xcassets; sourceTree = "<group>"; };
		04489F3C24BE4B4B00BB323D /* Base */ = {isa = PBXFileReference; lastKnownFileType = file.storyboard; name = Base; path = Base.lproj/LaunchScreen.storyboard; sourceTree = "<group>"; };
		04489F3E24BE4B4B00BB323D /* Info.plist */ = {isa = PBXFileReference; lastKnownFileType = text.plist.xml; path = Info.plist; sourceTree = "<group>"; };
		04489F4324BE4B4B00BB323D /* Voices for ChangeTests.xctest */ = {isa = PBXFileReference; explicitFileType = wrapper.cfbundle; includeInIndex = 0; path = "Voices for ChangeTests.xctest"; sourceTree = BUILT_PRODUCTS_DIR; };
		04489F4724BE4B4B00BB323D /* Voices_for_ChangeTests.swift */ = {isa = PBXFileReference; lastKnownFileType = sourcecode.swift; path = Voices_for_ChangeTests.swift; sourceTree = "<group>"; };
		04489F4924BE4B4B00BB323D /* Info.plist */ = {isa = PBXFileReference; lastKnownFileType = text.plist.xml; path = Info.plist; sourceTree = "<group>"; };
		04489F4E24BE4B4B00BB323D /* Voices for ChangeUITests.xctest */ = {isa = PBXFileReference; explicitFileType = wrapper.cfbundle; includeInIndex = 0; path = "Voices for ChangeUITests.xctest"; sourceTree = BUILT_PRODUCTS_DIR; };
		04489F5224BE4B4B00BB323D /* Voices_for_ChangeUITests.swift */ = {isa = PBXFileReference; lastKnownFileType = sourcecode.swift; path = Voices_for_ChangeUITests.swift; sourceTree = "<group>"; };
		04489F5424BE4B4B00BB323D /* Info.plist */ = {isa = PBXFileReference; lastKnownFileType = text.plist.xml; path = Info.plist; sourceTree = "<group>"; };
		04489F6024BEBBF600BB323D /* MainHomeScreenViewController.swift */ = {isa = PBXFileReference; lastKnownFileType = sourcecode.swift; path = MainHomeScreenViewController.swift; sourceTree = "<group>"; };
/* End PBXFileReference section */

/* Begin PBXFrameworksBuildPhase section */
		04489F2724BE4B4700BB323D /* Frameworks */ = {
			isa = PBXFrameworksBuildPhase;
			buildActionMask = 2147483647;
			files = (
			);
			runOnlyForDeploymentPostprocessing = 0;
		};
		04489F4024BE4B4B00BB323D /* Frameworks */ = {
			isa = PBXFrameworksBuildPhase;
			buildActionMask = 2147483647;
			files = (
			);
			runOnlyForDeploymentPostprocessing = 0;
		};
		04489F4B24BE4B4B00BB323D /* Frameworks */ = {
			isa = PBXFrameworksBuildPhase;
			buildActionMask = 2147483647;
			files = (
			);
			runOnlyForDeploymentPostprocessing = 0;
		};
/* End PBXFrameworksBuildPhase section */

/* Begin PBXGroup section */
		04489F2124BE4B4700BB323D = {
			isa = PBXGroup;
			children = (
				04489F2C24BE4B4700BB323D /* Voices for Change */,
				04489F4624BE4B4B00BB323D /* Voices for ChangeTests */,
				04489F5124BE4B4B00BB323D /* Voices for ChangeUITests */,
				04489F2B24BE4B4700BB323D /* Products */,
			);
			sourceTree = "<group>";
		};
		04489F2B24BE4B4700BB323D /* Products */ = {
			isa = PBXGroup;
			children = (
				04489F2A24BE4B4700BB323D /* Voices for Change.app */,
				04489F4324BE4B4B00BB323D /* Voices for ChangeTests.xctest */,
				04489F4E24BE4B4B00BB323D /* Voices for ChangeUITests.xctest */,
			);
			name = Products;
			sourceTree = "<group>";
		};
		04489F2C24BE4B4700BB323D /* Voices for Change */ = {
			isa = PBXGroup;
			children = (
				04489F2D24BE4B4700BB323D /* AppDelegate.swift */,
				04489F2F24BE4B4700BB323D /* SceneDelegate.swift */,
				04489F3124BE4B4700BB323D /* ViewController.swift */,
				04489F3324BE4B4700BB323D /* Main.storyboard */,
				04128AF024BED2D70074F3D7 /* HumRightsDonationsViewController.swift */,
				04128AEE24BED1C10074F3D7 /* HumRightsPetitionsViewController.swift */,
				04128AEC24BECE410074F3D7 /* HumRightsResourcesViewController.swift */,
				04128AEA24BEC8E90074F3D7 /* HumanRightsViewController.swift */,
				04489F6024BEBBF600BB323D /* MainHomeScreenViewController.swift */,
				04489F3924BE4B4B00BB323D /* Assets.xcassets */,
				04489F3B24BE4B4B00BB323D /* LaunchScreen.storyboard */,
				04489F3E24BE4B4B00BB323D /* Info.plist */,
				04489F3624BE4B4700BB323D /* Voices_for_Change.xcdatamodeld */,
			);
			path = "Voices for Change";
			sourceTree = "<group>";
		};
		04489F4624BE4B4B00BB323D /* Voices for ChangeTests */ = {
			isa = PBXGroup;
			children = (
				04489F4724BE4B4B00BB323D /* Voices_for_ChangeTests.swift */,
				04489F4924BE4B4B00BB323D /* Info.plist */,
			);
			path = "Voices for ChangeTests";
			sourceTree = "<group>";
		};
		04489F5124BE4B4B00BB323D /* Voices for ChangeUITests */ = {
			isa = PBXGroup;
			children = (
				04489F5224BE4B4B00BB323D /* Voices_for_ChangeUITests.swift */,
				04489F5424BE4B4B00BB323D /* Info.plist */,
			);
			path = "Voices for ChangeUITests";
			sourceTree = "<group>";
		};
/* End PBXGroup section */

/* Begin PBXNativeTarget section */
		04489F2924BE4B4700BB323D /* Voices for Change */ = {
			isa = PBXNativeTarget;
			buildConfigurationList = 04489F5724BE4B4B00BB323D /* Build configuration list for PBXNativeTarget "Voices for Change" */;
			buildPhases = (
				04489F2624BE4B4700BB323D /* Sources */,
				04489F2724BE4B4700BB323D /* Frameworks */,
				04489F2824BE4B4700BB323D /* Resources */,
			);
			buildRules = (
			);
			dependencies = (
			);
			name = "Voices for Change";
			productName = "Voices for Change";
			productReference = 04489F2A24BE4B4700BB323D /* Voices for Change.app */;
			productType = "com.apple.product-type.application";
		};
		04489F4224BE4B4B00BB323D /* Voices for ChangeTests */ = {
			isa = PBXNativeTarget;
			buildConfigurationList = 04489F5A24BE4B4B00BB323D /* Build configuration list for PBXNativeTarget "Voices for ChangeTests" */;
			buildPhases = (
				04489F3F24BE4B4B00BB323D /* Sources */,
				04489F4024BE4B4B00BB323D /* Frameworks */,
				04489F4124BE4B4B00BB323D /* Resources */,
			);
			buildRules = (
			);
			dependencies = (
				04489F4524BE4B4B00BB323D /* PBXTargetDependency */,
			);
			name = "Voices for ChangeTests";
			productName = "Voices for ChangeTests";
			productReference = 04489F4324BE4B4B00BB323D /* Voices for ChangeTests.xctest */;
			productType = "com.apple.product-type.bundle.unit-test";
		};
		04489F4D24BE4B4B00BB323D /* Voices for ChangeUITests */ = {
			isa = PBXNativeTarget;
			buildConfigurationList = 04489F5D24BE4B4B00BB323D /* Build configuration list for PBXNativeTarget "Voices for ChangeUITests" */;
			buildPhases = (
				04489F4A24BE4B4B00BB323D /* Sources */,
				04489F4B24BE4B4B00BB323D /* Frameworks */,
				04489F4C24BE4B4B00BB323D /* Resources */,
			);
			buildRules = (
			);
			dependencies = (
				04489F5024BE4B4B00BB323D /* PBXTargetDependency */,
			);
			name = "Voices for ChangeUITests";
			productName = "Voices for ChangeUITests";
			productReference = 04489F4E24BE4B4B00BB323D /* Voices for ChangeUITests.xctest */;
			productType = "com.apple.product-type.bundle.ui-testing";
		};
/* End PBXNativeTarget section */

/* Begin PBXProject section */
		04489F2224BE4B4700BB323D /* Project object */ = {
			isa = PBXProject;
			attributes = {
				LastSwiftUpdateCheck = 1150;
				LastUpgradeCheck = 1150;
				ORGANIZATIONNAME = "Caitlyn Widjaja";
				TargetAttributes = {
					04489F2924BE4B4700BB323D = {
						CreatedOnToolsVersion = 11.5;
					};
					04489F4224BE4B4B00BB323D = {
						CreatedOnToolsVersion = 11.5;
						TestTargetID = 04489F2924BE4B4700BB323D;
					};
					04489F4D24BE4B4B00BB323D = {
						CreatedOnToolsVersion = 11.5;
						TestTargetID = 04489F2924BE4B4700BB323D;
					};
				};
			};
			buildConfigurationList = 04489F2524BE4B4700BB323D /* Build configuration list for PBXProject "Voices for Change" */;
			compatibilityVersion = "Xcode 9.3";
			developmentRegion = en;
			hasScannedForEncodings = 0;
			knownRegions = (
				en,
				Base,
			);
			mainGroup = 04489F2124BE4B4700BB323D;
			productRefGroup = 04489F2B24BE4B4700BB323D /* Products */;
			projectDirPath = "";
			projectRoot = "";
			targets = (
				04489F2924BE4B4700BB323D /* Voices for Change */,
				04489F4224BE4B4B00BB323D /* Voices for ChangeTests */,
				04489F4D24BE4B4B00BB323D /* Voices for ChangeUITests */,
			);
		};
/* End PBXProject section */

/* Begin PBXResourcesBuildPhase section */
		04489F2824BE4B4700BB323D /* Resources */ = {
			isa = PBXResourcesBuildPhase;
			buildActionMask = 2147483647;
			files = (
				04489F3D24BE4B4B00BB323D /* LaunchScreen.storyboard in Resources */,
				04489F3A24BE4B4B00BB323D /* Assets.xcassets in Resources */,
				04489F3524BE4B4700BB323D /* Main.storyboard in Resources */,
			);
			runOnlyForDeploymentPostprocessing = 0;
		};
		04489F4124BE4B4B00BB323D /* Resources */ = {
			isa = PBXResourcesBuildPhase;
			buildActionMask = 2147483647;
			files = (
			);
			runOnlyForDeploymentPostprocessing = 0;
		};
		04489F4C24BE4B4B00BB323D /* Resources */ = {
			isa = PBXResourcesBuildPhase;
			buildActionMask = 2147483647;
			files = (
			);
			runOnlyForDeploymentPostprocessing = 0;
		};
/* End PBXResourcesBuildPhase section */

/* Begin PBXSourcesBuildPhase section */
		04489F2624BE4B4700BB323D /* Sources */ = {
			isa = PBXSourcesBuildPhase;
			buildActionMask = 2147483647;
			files = (
				04489F3224BE4B4700BB323D /* ViewController.swift in Sources */,
				04489F2E24BE4B4700BB323D /* AppDelegate.swift in Sources */,
				04128AEF24BED1C10074F3D7 /* HumRightsPetitionsViewController.swift in Sources */,
				04128AED24BECE410074F3D7 /* HumRightsResourcesViewController.swift in Sources */,
				04128AF124BED2D70074F3D7 /* HumRightsDonationsViewController.swift in Sources */,
				04489F3824BE4B4700BB323D /* Voices_for_Change.xcdatamodeld in Sources */,
				04489F6124BEBBF600BB323D /* MainHomeScreenViewController.swift in Sources */,
				04489F3024BE4B4700BB323D /* SceneDelegate.swift in Sources */,
				04128AEB24BEC8E90074F3D7 /* HumanRightsViewController.swift in Sources */,
			);
			runOnlyForDeploymentPostprocessing = 0;
		};
		04489F3F24BE4B4B00BB323D /* Sources */ = {
			isa = PBXSourcesBuildPhase;
			buildActionMask = 2147483647;
			files = (
				04489F4824BE4B4B00BB323D /* Voices_for_ChangeTests.swift in Sources */,
			);
			runOnlyForDeploymentPostprocessing = 0;
		};
		04489F4A24BE4B4B00BB323D /* Sources */ = {
			isa = PBXSourcesBuildPhase;
			buildActionMask = 2147483647;
			files = (
				04489F5324BE4B4B00BB323D /* Voices_for_ChangeUITests.swift in Sources */,
			);
			runOnlyForDeploymentPostprocessing = 0;
		};
/* End PBXSourcesBuildPhase section */

/* Begin PBXTargetDependency section */
		04489F4524BE4B4B00BB323D /* PBXTargetDependency */ = {
			isa = PBXTargetDependency;
			target = 04489F2924BE4B4700BB323D /* Voices for Change */;
			targetProxy = 04489F4424BE4B4B00BB323D /* PBXContainerItemProxy */;
		};
		04489F5024BE4B4B00BB323D /* PBXTargetDependency */ = {
			isa = PBXTargetDependency;
			target = 04489F2924BE4B4700BB323D /* Voices for Change */;
			targetProxy = 04489F4F24BE4B4B00BB323D /* PBXContainerItemProxy */;
		};
/* End PBXTargetDependency section */

/* Begin PBXVariantGroup section */
		04489F3324BE4B4700BB323D /* Main.storyboard */ = {
			isa = PBXVariantGroup;
			children = (
				04489F3424BE4B4700BB323D /* Base */,
			);
			name = Main.storyboard;
			sourceTree = "<group>";
		};
		04489F3B24BE4B4B00BB323D /* LaunchScreen.storyboard */ = {
			isa = PBXVariantGroup;
			children = (
				04489F3C24BE4B4B00BB323D /* Base */,
			);
			name = LaunchScreen.storyboard;
			sourceTree = "<group>";
		};
/* End PBXVariantGroup section */

/* Begin XCBuildConfiguration section */
		04489F5524BE4B4B00BB323D /* Debug */ = {
			isa = XCBuildConfiguration;
			buildSettings = {
				ALWAYS_SEARCH_USER_PATHS = NO;
				CLANG_ANALYZER_NONNULL = YES;
				CLANG_ANALYZER_NUMBER_OBJECT_CONVERSION = YES_AGGRESSIVE;
				CLANG_CXX_LANGUAGE_STANDARD = "gnu++14";
				CLANG_CXX_LIBRARY = "libc++";
				CLANG_ENABLE_MODULES = YES;
				CLANG_ENABLE_OBJC_ARC = YES;
				CLANG_ENABLE_OBJC_WEAK = YES;
				CLANG_WARN_BLOCK_CAPTURE_AUTORELEASING = YES;
				CLANG_WARN_BOOL_CONVERSION = YES;
				CLANG_WARN_COMMA = YES;
				CLANG_WARN_CONSTANT_CONVERSION = YES;
				CLANG_WARN_DEPRECATED_OBJC_IMPLEMENTATIONS = YES;
				CLANG_WARN_DIRECT_OBJC_ISA_USAGE = YES_ERROR;
				CLANG_WARN_DOCUMENTATION_COMMENTS = YES;
				CLANG_WARN_EMPTY_BODY = YES;
				CLANG_WARN_ENUM_CONVERSION = YES;
				CLANG_WARN_INFINITE_RECURSION = YES;
				CLANG_WARN_INT_CONVERSION = YES;
				CLANG_WARN_NON_LITERAL_NULL_CONVERSION = YES;
				CLANG_WARN_OBJC_IMPLICIT_RETAIN_SELF = YES;
				CLANG_WARN_OBJC_LITERAL_CONVERSION = YES;
				CLANG_WARN_OBJC_ROOT_CLASS = YES_ERROR;
				CLANG_WARN_RANGE_LOOP_ANALYSIS = YES;
				CLANG_WARN_STRICT_PROTOTYPES = YES;
				CLANG_WARN_SUSPICIOUS_MOVE = YES;
				CLANG_WARN_UNGUARDED_AVAILABILITY = YES_AGGRESSIVE;
				CLANG_WARN_UNREACHABLE_CODE = YES;
				CLANG_WARN__DUPLICATE_METHOD_MATCH = YES;
				COPY_PHASE_STRIP = NO;
				DEBUG_INFORMATION_FORMAT = dwarf;
				ENABLE_STRICT_OBJC_MSGSEND = YES;
				ENABLE_TESTABILITY = YES;
				GCC_C_LANGUAGE_STANDARD = gnu11;
				GCC_DYNAMIC_NO_PIC = NO;
				GCC_NO_COMMON_BLOCKS = YES;
				GCC_OPTIMIZATION_LEVEL = 0;
				GCC_PREPROCESSOR_DEFINITIONS = (
					"DEBUG=1",
					"$(inherited)",
				);
				GCC_WARN_64_TO_32_BIT_CONVERSION = YES;
				GCC_WARN_ABOUT_RETURN_TYPE = YES_ERROR;
				GCC_WARN_UNDECLARED_SELECTOR = YES;
				GCC_WARN_UNINITIALIZED_AUTOS = YES_AGGRESSIVE;
				GCC_WARN_UNUSED_FUNCTION = YES;
				GCC_WARN_UNUSED_VARIABLE = YES;
				IPHONEOS_DEPLOYMENT_TARGET = 13.5;
				MTL_ENABLE_DEBUG_INFO = INCLUDE_SOURCE;
				MTL_FAST_MATH = YES;
				ONLY_ACTIVE_ARCH = YES;
				SDKROOT = iphoneos;
				SWIFT_ACTIVE_COMPILATION_CONDITIONS = DEBUG;
				SWIFT_OPTIMIZATION_LEVEL = "-Onone";
			};
			name = Debug;
		};
		04489F5624BE4B4B00BB323D /* Release */ = {
			isa = XCBuildConfiguration;
			buildSettings = {
				ALWAYS_SEARCH_USER_PATHS = NO;
				CLANG_ANALYZER_NONNULL = YES;
				CLANG_ANALYZER_NUMBER_OBJECT_CONVERSION = YES_AGGRESSIVE;
				CLANG_CXX_LANGUAGE_STANDARD = "gnu++14";
				CLANG_CXX_LIBRARY = "libc++";
				CLANG_ENABLE_MODULES = YES;
				CLANG_ENABLE_OBJC_ARC = YES;
				CLANG_ENABLE_OBJC_WEAK = YES;
				CLANG_WARN_BLOCK_CAPTURE_AUTORELEASING = YES;
				CLANG_WARN_BOOL_CONVERSION = YES;
				CLANG_WARN_COMMA = YES;
				CLANG_WARN_CONSTANT_CONVERSION = YES;
				CLANG_WARN_DEPRECATED_OBJC_IMPLEMENTATIONS = YES;
				CLANG_WARN_DIRECT_OBJC_ISA_USAGE = YES_ERROR;
				CLANG_WARN_DOCUMENTATION_COMMENTS = YES;
				CLANG_WARN_EMPTY_BODY = YES;
				CLANG_WARN_ENUM_CONVERSION = YES;
				CLANG_WARN_INFINITE_RECURSION = YES;
				CLANG_WARN_INT_CONVERSION = YES;
				CLANG_WARN_NON_LITERAL_NULL_CONVERSION = YES;
				CLANG_WARN_OBJC_IMPLICIT_RETAIN_SELF = YES;
				CLANG_WARN_OBJC_LITERAL_CONVERSION = YES;
				CLANG_WARN_OBJC_ROOT_CLASS = YES_ERROR;
				CLANG_WARN_RANGE_LOOP_ANALYSIS = YES;
				CLANG_WARN_STRICT_PROTOTYPES = YES;
				CLANG_WARN_SUSPICIOUS_MOVE = YES;
				CLANG_WARN_UNGUARDED_AVAILABILITY = YES_AGGRESSIVE;
				CLANG_WARN_UNREACHABLE_CODE = YES;
				CLANG_WARN__DUPLICATE_METHOD_MATCH = YES;
				COPY_PHASE_STRIP = NO;
				DEBUG_INFORMATION_FORMAT = "dwarf-with-dsym";
				ENABLE_NS_ASSERTIONS = NO;
				ENABLE_STRICT_OBJC_MSGSEND = YES;
				GCC_C_LANGUAGE_STANDARD = gnu11;
				GCC_NO_COMMON_BLOCKS = YES;
				GCC_WARN_64_TO_32_BIT_CONVERSION = YES;
				GCC_WARN_ABOUT_RETURN_TYPE = YES_ERROR;
				GCC_WARN_UNDECLARED_SELECTOR = YES;
				GCC_WARN_UNINITIALIZED_AUTOS = YES_AGGRESSIVE;
				GCC_WARN_UNUSED_FUNCTION = YES;
				GCC_WARN_UNUSED_VARIABLE = YES;
				IPHONEOS_DEPLOYMENT_TARGET = 13.5;
				MTL_ENABLE_DEBUG_INFO = NO;
				MTL_FAST_MATH = YES;
				SDKROOT = iphoneos;
				SWIFT_COMPILATION_MODE = wholemodule;
				SWIFT_OPTIMIZATION_LEVEL = "-O";
				VALIDATE_PRODUCT = YES;
			};
			name = Release;
		};
		04489F5824BE4B4B00BB323D /* Debug */ = {
			isa = XCBuildConfiguration;
			buildSettings = {
				ASSETCATALOG_COMPILER_APPICON_NAME = AppIcon;
				CODE_SIGN_STYLE = Automatic;
				INFOPLIST_FILE = "Voices for Change/Info.plist";
				LD_RUNPATH_SEARCH_PATHS = (
					"$(inherited)",
					"@executable_path/Frameworks",
				);
				PRODUCT_BUNDLE_IDENTIFIER = "Caitlyn.Voices-for-Change";
				PRODUCT_NAME = "$(TARGET_NAME)";
				SWIFT_VERSION = 5.0;
				TARGETED_DEVICE_FAMILY = "1,2";
			};
			name = Debug;
		};
		04489F5924BE4B4B00BB323D /* Release */ = {
			isa = XCBuildConfiguration;
			buildSettings = {
				ASSETCATALOG_COMPILER_APPICON_NAME = AppIcon;
				CODE_SIGN_STYLE = Automatic;
				INFOPLIST_FILE = "Voices for Change/Info.plist";
				LD_RUNPATH_SEARCH_PATHS = (
					"$(inherited)",
					"@executable_path/Frameworks",
				);
				PRODUCT_BUNDLE_IDENTIFIER = "Caitlyn.Voices-for-Change";
				PRODUCT_NAME = "$(TARGET_NAME)";
				SWIFT_VERSION = 5.0;
				TARGETED_DEVICE_FAMILY = "1,2";
			};
			name = Release;
		};
		04489F5B24BE4B4B00BB323D /* Debug */ = {
			isa = XCBuildConfiguration;
			buildSettings = {
				ALWAYS_EMBED_SWIFT_STANDARD_LIBRARIES = YES;
				BUNDLE_LOADER = "$(TEST_HOST)";
				CODE_SIGN_STYLE = Automatic;
				INFOPLIST_FILE = "Voices for ChangeTests/Info.plist";
				IPHONEOS_DEPLOYMENT_TARGET = 13.5;
				LD_RUNPATH_SEARCH_PATHS = (
					"$(inherited)",
					"@executable_path/Frameworks",
					"@loader_path/Frameworks",
				);
				PRODUCT_BUNDLE_IDENTIFIER = "Caitlyn.Voices-for-ChangeTests";
				PRODUCT_NAME = "$(TARGET_NAME)";
				SWIFT_VERSION = 5.0;
				TARGETED_DEVICE_FAMILY = "1,2";
				TEST_HOST = "$(BUILT_PRODUCTS_DIR)/Voices for Change.app/Voices for Change";
			};
			name = Debug;
		};
		04489F5C24BE4B4B00BB323D /* Release */ = {
			isa = XCBuildConfiguration;
			buildSettings = {
				ALWAYS_EMBED_SWIFT_STANDARD_LIBRARIES = YES;
				BUNDLE_LOADER = "$(TEST_HOST)";
				CODE_SIGN_STYLE = Automatic;
				INFOPLIST_FILE = "Voices for ChangeTests/Info.plist";
				IPHONEOS_DEPLOYMENT_TARGET = 13.5;
				LD_RUNPATH_SEARCH_PATHS = (
					"$(inherited)",
					"@executable_path/Frameworks",
					"@loader_path/Frameworks",
				);
				PRODUCT_BUNDLE_IDENTIFIER = "Caitlyn.Voices-for-ChangeTests";
				PRODUCT_NAME = "$(TARGET_NAME)";
				SWIFT_VERSION = 5.0;
				TARGETED_DEVICE_FAMILY = "1,2";
				TEST_HOST = "$(BUILT_PRODUCTS_DIR)/Voices for Change.app/Voices for Change";
			};
			name = Release;
		};
		04489F5E24BE4B4B00BB323D /* Debug */ = {
			isa = XCBuildConfiguration;
			buildSettings = {
				ALWAYS_EMBED_SWIFT_STANDARD_LIBRARIES = YES;
				CODE_SIGN_STYLE = Automatic;
				INFOPLIST_FILE = "Voices for ChangeUITests/Info.plist";
				LD_RUNPATH_SEARCH_PATHS = (
					"$(inherited)",
					"@executable_path/Frameworks",
					"@loader_path/Frameworks",
				);
				PRODUCT_BUNDLE_IDENTIFIER = "Caitlyn.Voices-for-ChangeUITests";
				PRODUCT_NAME = "$(TARGET_NAME)";
				SWIFT_VERSION = 5.0;
				TARGETED_DEVICE_FAMILY = "1,2";
				TEST_TARGET_NAME = "Voices for Change";
			};
			name = Debug;
		};
		04489F5F24BE4B4B00BB323D /* Release */ = {
			isa = XCBuildConfiguration;
			buildSettings = {
				ALWAYS_EMBED_SWIFT_STANDARD_LIBRARIES = YES;
				CODE_SIGN_STYLE = Automatic;
				INFOPLIST_FILE = "Voices for ChangeUITests/Info.plist";
				LD_RUNPATH_SEARCH_PATHS = (
					"$(inherited)",
					"@executable_path/Frameworks",
					"@loader_path/Frameworks",
				);
				PRODUCT_BUNDLE_IDENTIFIER = "Caitlyn.Voices-for-ChangeUITests";
				PRODUCT_NAME = "$(TARGET_NAME)";
				SWIFT_VERSION = 5.0;
				TARGETED_DEVICE_FAMILY = "1,2";
				TEST_TARGET_NAME = "Voices for Change";
			};
			name = Release;
		};
/* End XCBuildConfiguration section */

/* Begin XCConfigurationList section */
		04489F2524BE4B4700BB323D /* Build configuration list for PBXProject "Voices for Change" */ = {
			isa = XCConfigurationList;
			buildConfigurations = (
				04489F5524BE4B4B00BB323D /* Debug */,
				04489F5624BE4B4B00BB323D /* Release */,
			);
			defaultConfigurationIsVisible = 0;
			defaultConfigurationName = Release;
		};
		04489F5724BE4B4B00BB323D /* Build configuration list for PBXNativeTarget "Voices for Change" */ = {
			isa = XCConfigurationList;
			buildConfigurations = (
				04489F5824BE4B4B00BB323D /* Debug */,
				04489F5924BE4B4B00BB323D /* Release */,
			);
			defaultConfigurationIsVisible = 0;
			defaultConfigurationName = Release;
		};
		04489F5A24BE4B4B00BB323D /* Build configuration list for PBXNativeTarget "Voices for ChangeTests" */ = {
			isa = XCConfigurationList;
			buildConfigurations = (
				04489F5B24BE4B4B00BB323D /* Debug */,
				04489F5C24BE4B4B00BB323D /* Release */,
			);
			defaultConfigurationIsVisible = 0;
			defaultConfigurationName = Release;
		};
		04489F5D24BE4B4B00BB323D /* Build configuration list for PBXNativeTarget "Voices for ChangeUITests" */ = {
			isa = XCConfigurationList;
			buildConfigurations = (
				04489F5E24BE4B4B00BB323D /* Debug */,
				04489F5F24BE4B4B00BB323D /* Release */,
			);
			defaultConfigurationIsVisible = 0;
			defaultConfigurationName = Release;
		};
/* End XCConfigurationList section */

/* Begin XCVersionGroup section */
		04489F3624BE4B4700BB323D /* Voices_for_Change.xcdatamodeld */ = {
			isa = XCVersionGroup;
			children = (
				04489F3724BE4B4700BB323D /* Voices_for_Change.xcdatamodel */,
			);
			currentVersion = 04489F3724BE4B4700BB323D /* Voices_for_Change.xcdatamodel */;
			path = Voices_for_Change.xcdatamodeld;
			sourceTree = "<group>";
			versionGroupType = wrapper.xcdatamodel;
		};
/* End XCVersionGroup section */
	};
	rootObject = 04489F2224BE4B4700BB323D /* Project object */;
}
